<?xml version="1.0" encoding="utf-8"?>
<Project ToolsVersion="4.0" xmlns="http://schemas.microsoft.com/developer/msbuild/2003">
  <ItemGroup>
    <Filter Include="소스 파일">
      <UniqueIdentifier>{4FC737F1-C7A5-4376-A066-2A32D752A2FF}</UniqueIdentifier>
      <Extensions>cpp;c;cc;cxx;def;odl;idl;hpj;bat;asm;asmx</Extensions>
    </Filter>
    <Filter Include="헤더 파일">
      <UniqueIdentifier>{93995380-89BD-4b04-88EB-625FBE52EBFB}</UniqueIdentifier>
      <Extensions>h;hh;hpp;hxx;hm;inl;inc;xsd</Extensions>
    </Filter>
    <Filter Include="리소스 파일">
      <UniqueIdentifier>{67DA6AB6-F800-4c08-8B7A-83BB121AAD01}</UniqueIdentifier>
      <Extensions>rc;ico;cur;bmp;dlg;rc2;rct;bin;rgs;gif;jpg;jpeg;jpe;resx;tiff;tif;png;wav;mfcribbon-ms</Extensions>
    </Filter>
  </ItemGroup>
  <ItemGroup>
    <Text Include="ReadMe.txt" />
  </ItemGroup>
  <ItemGroup>
    <ClInclude Include="MFCApplication12.h">
      <Filter>헤더 파일</Filter>
    </ClInclude>
    <ClInclude Include="MFCApplication12Dlg.h">
      <Filter>헤더 파일</Filter>
    </ClInclude>
    <ClInclude Include="stdafx.h">
      <Filter>헤더 파일</Filter>
    </ClInclude>
    <ClInclude Include="targetver.h">
      <Filter>헤더 파일</Filter>
    </ClInclude>
    <ClInclude Include="Resource.h">
      <Filter>헤더 파일</Filter>
    </ClInclude>
    <ClInclude Include="Bag.h">
      <Filter>헤더 파일</Filter>
    </ClInclude>
    <ClInclude Include="CARRIER.h">
      <Filter>헤더 파일</Filter>
    </ClInclude>
    <ClInclude Include="KEYGAME.h">
      <Filter>헤더 파일</Filter>
    </ClInclude>
    <ClInclude Include="Slider.h">
      <Filter>헤더 파일</Filter>
    </ClInclude>
    <ClInclude Include="Spin.h">
      <Filter>헤더 파일</Filter>
    </ClInclude>
    <ClInclude Include="Snake.h">
      <Filter>헤더 파일</Filter>
    </ClInclude>
    <ClInclude Include="SnakeGamesCtrl.h">
      <Filter>헤더 파일</Filter>
    </ClInclude>
    <ClInclude Include="Baseball.h">
      <Filter>헤더 파일</Filter>
    </ClInclude>
    <ClInclude Include="Help.h">
      <Filter>헤더 파일</Filter>
    </ClInclude>
    <ClInclude Include="Maker.h">
      <Filter>헤더 파일</Filter>
    </ClInclude>
    <ClInclude Include="Last.h">
      <Filter>헤더 파일</Filter>
    </ClInclude>
  </ItemGroup>
  <ItemGroup>
    <ClCompile Include="MFCApplication12.cpp">
      <Filter>소스 파일</Filter>
    </ClCompile>
    <ClCompile Include="MFCApplication12Dlg.cpp">
      <Filter>소스 파일</Filter>
    </ClCompile>
    <ClCompile Include="stdafx.cpp">
      <Filter>소스 파일</Filter>
    </ClCompile>
    <ClCompile Include="Bag.cpp">
      <Filter>소스 파일</Filter>
    </ClCompile>
    <ClCompile Include="CARRIER.cpp">
      <Filter>소스 파일</Filter>
    </ClCompile>
    <ClCompile Include="KEYGAME.cpp">
      <Filter>소스 파일</Filter>
    </ClCompile>
    <ClCompile Include="Slider.cpp">
      <Filter>소스 파일</Filter>
    </ClCompile>
    <ClCompile Include="Spin.cpp">
      <Filter>소스 파일</Filter>
    </ClCompile>
    <ClCompile Include="Snake.cpp">
      <Filter>소스 파일</Filter>
    </ClCompile>
    <ClCompile Include="SnakeGamesCtrl.cpp">
      <Filter>소스 파일</Filter>
    </ClCompile>
    <ClCompile Include="Baseball.cpp">
      <Filter>소스 파일</Filter>
    </ClCompile>
    <ClCompile Include="Help.cpp">
      <Filter>소스 파일</Filter>
    </ClCompile>
    <ClCompile Include="Maker.cpp">
      <Filter>소스 파일</Filter>
    </ClCompile>
    <ClCompile Include="Last.cpp">
      <Filter>소스 파일</Filter>
    </ClCompile>
  </ItemGroup>
  <ItemGroup>
    <ResourceCompile Include="MFCApplication12.rc">
      <Filter>리소스 파일</Filter>
    </ResourceCompile>
  </ItemGroup>
  <ItemGroup>
    <None Include="res\MFCApplication12.rc2">
      <Filter>리소스 파일</Filter>
    </None>
  </ItemGroup>
  <ItemGroup>
    <Image Include="res\MFCApplication12.ico">
      <Filter>리소스 파일</Filter>
    </Image>
    <Image Include="..\..\..\..\..\Desktop\Image.bmp">
      <Filter>리소스 파일</Filter>
    </Image>
    <Image Include="..\..\..\..\..\Desktop\배경.bmp">
      <Filter>리소스 파일</Filter>
    </Image>
    <Image Include="..\..\..\..\..\Desktop\bitmap3.bmp">
      <Filter>리소스 파일</Filter>
    </Image>
    <Image Include="..\..\..\..\..\Desktop\bitmap4.bmp">
      <Filter>리소스 파일</Filter>
    </Image>
    <Image Include="..\..\..\..\..\Desktop\bmp00001.bmp">
      <Filter>리소스 파일</Filter>
    </Image>
    <Image Include="..\..\..\..\..\Desktop\bitmap1.bmp">
      <Filter>리소스 파일</Filter>
    </Image>
    <Image Include="..\..\..\..\..\Desktop\bmp00002.bmp">
      <Filter>리소스 파일</Filter>
    </Image>
    <Image Include="..\..\..\..\..\desktop\bmp00003.bmp">
      <Filter>리소스 파일</Filter>
    </Image>
    <Image Include="..\..\..\..\..\desktop\bitmap2.bmp">
      <Filter>리소스 파일</Filter>
    </Image>
    <Image Include="..\..\아이템\손전등1.bmp">
      <Filter>리소스 파일</Filter>
    </Image>
    <Image Include="..\..\아이템\손전등2.bmp">
      <Filter>리소스 파일</Filter>
    </Image>
    <Image Include="..\..\아이템\지우개1.bmp">
      <Filter>리소스 파일</Filter>
    </Image>
    <Image Include="..\..\아이템\지우개2.bmp">
      <Filter>리소스 파일</Filter>
    </Image>
    <Image Include="..\..\아이템\액자_영준.bmp">
      <Filter>리소스 파일</Filter>
    </Image>
    <Image Include="..\..\아이템\액자_힌트.bmp">
      <Filter>리소스 파일</Filter>
    </Image>
    <Image Include="..\..\아이템\bitmap1.bmp">
      <Filter>리소스 파일</Filter>
    </Image>
    <Image Include="..\..\아이템\금고_닫힘.bmp">
      <Filter>리소스 파일</Filter>
    </Image>
    <Image Include="..\..\아이템\금고_열림.bmp">
      <Filter>리소스 파일</Filter>
    </Image>
    <Image Include="..\..\아이템\열쇠1.bmp">
      <Filter>리소스 파일</Filter>
    </Image>
    <Image Include="..\..\아이템\열쇠2.bmp">
      <Filter>리소스 파일</Filter>
    </Image>
    <Image Include="..\..\아이템\밧줄4.bmp">
      <Filter>리소스 파일</Filter>
    </Image>
    <Image Include="..\..\아이템\테이프1.bmp">
      <Filter>리소스 파일</Filter>
    </Image>
    <Image Include="..\..\아이템\테이프2.bmp">
      <Filter>리소스 파일</Filter>
    </Image>
    <Image Include="..\..\아이템\밧줄1.bmp">
      <Filter>리소스 파일</Filter>
    </Image>
    <Image Include="..\..\아이템\밧줄2.bmp">
      <Filter>리소스 파일</Filter>
    </Image>
    <Image Include="..\..\아이템\사물함1.bmp">
      <Filter>리소스 파일</Filter>
    </Image>
    <Image Include="..\..\아이템\사물함2.bmp">
      <Filter>리소스 파일</Filter>
    </Image>
    <Image Include="..\..\..\..\카카오톡 받은 파일\아이템\환풍구1.bmp">
      <Filter>리소스 파일</Filter>
    </Image>
    <Image Include="..\..\아이템\환풍구1.bmp">
      <Filter>리소스 파일</Filter>
    </Image>
    <Image Include="..\..\아이템\고리.bmp">
      <Filter>리소스 파일</Filter>
    </Image>
    <Image Include="..\..\아이템\마지막 밧줄.bmp">
      <Filter>리소스 파일</Filter>
    </Image>
    <Image Include="..\..\아이템\문1.bmp">
      <Filter>리소스 파일</Filter>
    </Image>
    <Image Include="..\..\아이템\환풍구2.bmp">
      <Filter>리소스 파일</Filter>
    </Image>
    <Image Include="..\..\아이템\물1.bmp">
      <Filter>리소스 파일</Filter>
    </Image>
    <Image Include="..\..\아이템\제목 없음.bmp">
      <Filter>리소스 파일</Filter>
    </Image>
    <Image Include="..\..\아이템\컴퓨터.bmp">
      <Filter>리소스 파일</Filter>
    </Image>
    <Image Include="..\..\아이템\지우개3.bmp">
      <Filter>리소스 파일</Filter>
    </Image>
    <Image Include="..\..\아이템\캐리어.bmp">
      <Filter>리소스 파일</Filter>
    </Image>
    <Image Include="..\..\아이템\light4.bmp">
      <Filter>리소스 파일</Filter>
    </Image>
    <Image Include="..\..\아이템\light6.bmp">
      <Filter>리소스 파일</Filter>
    </Image>
  </ItemGroup>
</Project>